
Microsoft Visual Studio Solution File, Format Version 12.00
# Visual Studio Version 17
Project("{8BC9CEB8-8B4A-11D0-8D11-00A0C91BC942}") = "ALL_BUILD", "ALL_BUILD.vcxproj", "{BAC57177-D68A-3558-A661-1BC2E506C960}"
	ProjectSection(ProjectDependencies) = postProject
		{C776756E-A315-3736-B20B-8ED1FE5B6B72} = {C776756E-A315-3736-B20B-8ED1FE5B6B72}
		{24F5F317-1CA0-304E-8033-3902369D0AB2} = {24F5F317-1CA0-304E-8033-3902369D0AB2}
		{79EC53CE-E821-30C3-89EF-33558C883ED3} = {79EC53CE-E821-30C3-89EF-33558C883ED3}
		{FD5D7FB9-50C1-3109-9FE7-2B88A2450F02} = {FD5D7FB9-50C1-3109-9FE7-2B88A2450F02}
		{3DC7A447-FD49-3D4F-825A-9EC054BD8AEF} = {3DC7A447-FD49-3D4F-825A-9EC054BD8AEF}
	EndProjectSection
EndProject
EndProject
Project("{8BC9CEB8-8B4A-11D0-8D11-00A0C91BC942}") = "ZERO_CHECK", "ZERO_CHECK.vcxproj", "{C776756E-A315-3736-B20B-8ED1FE5B6B72}"
	ProjectSection(ProjectDependencies) = postProject
	EndProjectSection
EndProject
Project("{8BC9CEB8-8B4A-11D0-8D11-00A0C91BC942}") = "libdeflate-gzip", "programs\libdeflate-gzip.vcxproj", "{24F5F317-1CA0-304E-8033-3902369D0AB2}"
	ProjectSection(ProjectDependencies) = postProject
		{C776756E-A315-3736-B20B-8ED1FE5B6B72} = {C776756E-A315-3736-B20B-8ED1FE5B6B72}
		{79EC53CE-E821-30C3-89EF-33558C883ED3} = {79EC53CE-E821-30C3-89EF-33558C883ED3}
		{3DC7A447-FD49-3D4F-825A-9EC054BD8AEF} = {3DC7A447-FD49-3D4F-825A-9EC054BD8AEF}
	EndProjectSection
EndProject
Project("{8BC9CEB8-8B4A-11D0-8D11-00A0C91BC942}") = "libdeflate_prog_utils", "programs\libdeflate_prog_utils.vcxproj", "{79EC53CE-E821-30C3-89EF-33558C883ED3}"
	ProjectSection(ProjectDependencies) = postProject
		{C776756E-A315-3736-B20B-8ED1FE5B6B72} = {C776756E-A315-3736-B20B-8ED1FE5B6B72}
		{3DC7A447-FD49-3D4F-825A-9EC054BD8AEF} = {3DC7A447-FD49-3D4F-825A-9EC054BD8AEF}
	EndProjectSection
EndProject
Project("{8BC9CEB8-8B4A-11D0-8D11-00A0C91BC942}") = "libdeflate_shared", "libdeflate_shared.vcxproj", "{FD5D7FB9-50C1-3109-9FE7-2B88A2450F02}"
	ProjectSection(ProjectDependencies) = postProject
		{C776756E-A315-3736-B20B-8ED1FE5B6B72} = {C776756E-A315-3736-B20B-8ED1FE5B6B72}
	EndProjectSection
EndProject
Project("{8BC9CEB8-8B4A-11D0-8D11-00A0C91BC942}") = "libdeflate_static", "libdeflate_static.vcxproj", "{3DC7A447-FD49-3D4F-825A-9EC054BD8AEF}"
	ProjectSection(ProjectDependencies) = postProject
		{C776756E-A315-3736-B20B-8ED1FE5B6B72} = {C776756E-A315-3736-B20B-8ED1FE5B6B72}
	EndProjectSection
EndProject
Global
	GlobalSection(SolutionConfigurationPlatforms) = preSolution
		Debug|x64 = Debug|x64
		Release|x64 = Release|x64
		MinSizeRel|x64 = MinSizeRel|x64
		RelWithDebInfo|x64 = RelWithDebInfo|x64
	EndGlobalSection
	GlobalSection(ProjectConfigurationPlatforms) = postSolution
		{BAC57177-D68A-3558-A661-1BC2E506C960}.Debug|x64.ActiveCfg = Debug|x64
		{BAC57177-D68A-3558-A661-1BC2E506C960}.Debug|x64.Build.0 = Debug|x64
		{BAC57177-D68A-3558-A661-1BC2E506C960}.Release|x64.ActiveCfg = Release|x64
		{BAC57177-D68A-3558-A661-1BC2E506C960}.Release|x64.Build.0 = Release|x64
		{BAC57177-D68A-3558-A661-1BC2E506C960}.MinSizeRel|x64.ActiveCfg = MinSizeRel|x64
		{BAC57177-D68A-3558-A661-1BC2E506C960}.MinSizeRel|x64.Build.0 = MinSizeRel|x64
		{BAC57177-D68A-3558-A661-1BC2E506C960}.RelWithDebInfo|x64.ActiveCfg = RelWithDebInfo|x64
		{BAC57177-D68A-3558-A661-1BC2E506C960}.RelWithDebInfo|x64.Build.0 = RelWithDebInfo|x64
		{EED61875-0C12-3941-BBAD-59CD44DD89FE}.Debug|x64.ActiveCfg = Debug|x64
		{EED61875-0C12-3941-BBAD-59CD44DD89FE}.Release|x64.ActiveCfg = Release|x64
		{EED61875-0C12-3941-BBAD-59CD44DD89FE}.MinSizeRel|x64.ActiveCfg = MinSizeRel|x64
		{EED61875-0C12-3941-BBAD-59CD44DD89FE}.RelWithDebInfo|x64.ActiveCfg = RelWithDebInfo|x64
		{C776756E-A315-3736-B20B-8ED1FE5B6B72}.Debug|x64.ActiveCfg = Debug|x64
		{C776756E-A315-3736-B20B-8ED1FE5B6B72}.Debug|x64.Build.0 = Debug|x64
		{C776756E-A315-3736-B20B-8ED1FE5B6B72}.Release|x64.ActiveCfg = Release|x64
		{C776756E-A315-3736-B20B-8ED1FE5B6B72}.Release|x64.Build.0 = Release|x64
		{C776756E-A315-3736-B20B-8ED1FE5B6B72}.MinSizeRel|x64.ActiveCfg = MinSizeRel|x64
		{C776756E-A315-3736-B20B-8ED1FE5B6B72}.MinSizeRel|x64.Build.0 = MinSizeRel|x64
		{C776756E-A315-3736-B20B-8ED1FE5B6B72}.RelWithDebInfo|x64.ActiveCfg = RelWithDebInfo|x64
		{C776756E-A315-3736-B20B-8ED1FE5B6B72}.RelWithDebInfo|x64.Build.0 = RelWithDebInfo|x64
		{24F5F317-1CA0-304E-8033-3902369D0AB2}.Debug|x64.ActiveCfg = Debug|x64
		{24F5F317-1CA0-304E-8033-3902369D0AB2}.Debug|x64.Build.0 = Debug|x64
		{24F5F317-1CA0-304E-8033-3902369D0AB2}.Release|x64.ActiveCfg = Release|x64
		{24F5F317-1CA0-304E-8033-3902369D0AB2}.Release|x64.Build.0 = Release|x64
		{24F5F317-1CA0-304E-8033-3902369D0AB2}.MinSizeRel|x64.ActiveCfg = MinSizeRel|x64
		{24F5F317-1CA0-304E-8033-3902369D0AB2}.MinSizeRel|x64.Build.0 = MinSizeRel|x64
		{24F5F317-1CA0-304E-8033-3902369D0AB2}.RelWithDebInfo|x64.ActiveCfg = RelWithDebInfo|x64
		{24F5F317-1CA0-304E-8033-3902369D0AB2}.RelWithDebInfo|x64.Build.0 = RelWithDebInfo|x64
		{79EC53CE-E821-30C3-89EF-33558C883ED3}.Debug|x64.ActiveCfg = Debug|x64
		{79EC53CE-E821-30C3-89EF-33558C883ED3}.Debug|x64.Build.0 = Debug|x64
		{79EC53CE-E821-30C3-89EF-33558C883ED3}.Release|x64.ActiveCfg = Release|x64
		{79EC53CE-E821-30C3-89EF-33558C883ED3}.Release|x64.Build.0 = Release|x64
		{79EC53CE-E821-30C3-89EF-33558C883ED3}.MinSizeRel|x64.ActiveCfg = MinSizeRel|x64
		{79EC53CE-E821-30C3-89EF-33558C883ED3}.MinSizeRel|x64.Build.0 = MinSizeRel|x64
		{79EC53CE-E821-30C3-89EF-33558C883ED3}.RelWithDebInfo|x64.ActiveCfg = RelWithDebInfo|x64
		{79EC53CE-E821-30C3-89EF-33558C883ED3}.RelWithDebInfo|x64.Build.0 = RelWithDebInfo|x64
		{FD5D7FB9-50C1-3109-9FE7-2B88A2450F02}.Debug|x64.ActiveCfg = Debug|x64
		{FD5D7FB9-50C1-3109-9FE7-2B88A2450F02}.Debug|x64.Build.0 = Debug|x64
		{FD5D7FB9-50C1-3109-9FE7-2B88A2450F02}.Release|x64.ActiveCfg = Release|x64
		{FD5D7FB9-50C1-3109-9FE7-2B88A2450F02}.Release|x64.Build.0 = Release|x64
		{FD5D7FB9-50C1-3109-9FE7-2B88A2450F02}.MinSizeRel|x64.ActiveCfg = MinSizeRel|x64
		{FD5D7FB9-50C1-3109-9FE7-2B88A2450F02}.MinSizeRel|x64.Build.0 = MinSizeRel|x64
		{FD5D7FB9-50C1-3109-9FE7-2B88A2450F02}.RelWithDebInfo|x64.ActiveCfg = RelWithDebInfo|x64
		{FD5D7FB9-50C1-3109-9FE7-2B88A2450F02}.RelWithDebInfo|x64.Build.0 = RelWithDebInfo|x64
		{3DC7A447-FD49-3D4F-825A-9EC054BD8AEF}.Debug|x64.ActiveCfg = Debug|x64
		{3DC7A447-FD49-3D4F-825A-9EC054BD8AEF}.Debug|x64.Build.0 = Debug|x64
		{3DC7A447-FD49-3D4F-825A-9EC054BD8AEF}.Release|x64.ActiveCfg = Release|x64
		{3DC7A447-FD49-3D4F-825A-9EC054BD8AEF}.Release|x64.Build.0 = Release|x64
		{3DC7A447-FD49-3D4F-825A-9EC054BD8AEF}.MinSizeRel|x64.ActiveCfg = MinSizeRel|x64
		{3DC7A447-FD49-3D4F-825A-9EC054BD8AEF}.MinSizeRel|x64.Build.0 = MinSizeRel|x64
		{3DC7A447-FD49-3D4F-825A-9EC054BD8AEF}.RelWithDebInfo|x64.ActiveCfg = RelWithDebInfo|x64
		{3DC7A447-FD49-3D4F-825A-9EC054BD8AEF}.RelWithDebInfo|x64.Build.0 = RelWithDebInfo|x64
	EndGlobalSection
	GlobalSection(ExtensibilityGlobals) = postSolution
		SolutionGuid = {6241EC6C-A27A-34F9-884D-766D87F2B5B8}
	EndGlobalSection
	GlobalSection(ExtensibilityAddIns) = postSolution
	EndGlobalSection
EndGlobal
