
Microsoft Visual Studio Solution File, Format Version 12.00
# Visual Studio Version 17
Project("{8BC9CEB8-8B4A-11D0-8D11-00A0C91BC942}") = "ALL_BUILD", "ALL_BUILD.vcxproj", "{9DA31D3F-C48C-37EE-8A6B-07EF0FF0AB36}"
	ProjectSection(ProjectDependencies) = postProject
		{D3923F0F-DD36-3DAA-BB2E-E5730F947E86} = {D3923F0F-DD36-3DAA-BB2E-E5730F947E86}
		{10B32B89-B559-30F4-8C73-82724B5726D9} = {10B32B89-B559-30F4-8C73-82724B5726D9}
		{3BD3E392-A846-379B-AEDA-F089B5DE2EEC} = {3BD3E392-A846-379B-AEDA-F089B5DE2EEC}
		{792FD44F-189B-3BA0-A802-6D822407E90C} = {792FD44F-189B-3BA0-A802-6D822407E90C}
		{0DF64642-6604-30B0-9FFA-1BB593BA2CB1} = {0DF64642-6604-30B0-9FFA-1BB593BA2CB1}
	EndProjectSection
EndProject
EndProject
Project("{8BC9CEB8-8B4A-11D0-8D11-00A0C91BC942}") = "ZERO_CHECK", "ZERO_CHECK.vcxproj", "{D3923F0F-DD36-3DAA-BB2E-E5730F947E86}"
	ProjectSection(ProjectDependencies) = postProject
	EndProjectSection
EndProject
Project("{8BC9CEB8-8B4A-11D0-8D11-00A0C91BC942}") = "libdeflate-gzip", "programs\libdeflate-gzip.vcxproj", "{10B32B89-B559-30F4-8C73-82724B5726D9}"
	ProjectSection(ProjectDependencies) = postProject
		{D3923F0F-DD36-3DAA-BB2E-E5730F947E86} = {D3923F0F-DD36-3DAA-BB2E-E5730F947E86}
		{3BD3E392-A846-379B-AEDA-F089B5DE2EEC} = {3BD3E392-A846-379B-AEDA-F089B5DE2EEC}
		{0DF64642-6604-30B0-9FFA-1BB593BA2CB1} = {0DF64642-6604-30B0-9FFA-1BB593BA2CB1}
	EndProjectSection
EndProject
Project("{8BC9CEB8-8B4A-11D0-8D11-00A0C91BC942}") = "libdeflate_prog_utils", "programs\libdeflate_prog_utils.vcxproj", "{3BD3E392-A846-379B-AEDA-F089B5DE2EEC}"
	ProjectSection(ProjectDependencies) = postProject
		{D3923F0F-DD36-3DAA-BB2E-E5730F947E86} = {D3923F0F-DD36-3DAA-BB2E-E5730F947E86}
		{0DF64642-6604-30B0-9FFA-1BB593BA2CB1} = {0DF64642-6604-30B0-9FFA-1BB593BA2CB1}
	EndProjectSection
EndProject
Project("{8BC9CEB8-8B4A-11D0-8D11-00A0C91BC942}") = "libdeflate_shared", "libdeflate_shared.vcxproj", "{792FD44F-189B-3BA0-A802-6D822407E90C}"
	ProjectSection(ProjectDependencies) = postProject
		{D3923F0F-DD36-3DAA-BB2E-E5730F947E86} = {D3923F0F-DD36-3DAA-BB2E-E5730F947E86}
	EndProjectSection
EndProject
Project("{8BC9CEB8-8B4A-11D0-8D11-00A0C91BC942}") = "libdeflate_static", "libdeflate_static.vcxproj", "{0DF64642-6604-30B0-9FFA-1BB593BA2CB1}"
	ProjectSection(ProjectDependencies) = postProject
		{D3923F0F-DD36-3DAA-BB2E-E5730F947E86} = {D3923F0F-DD36-3DAA-BB2E-E5730F947E86}
	EndProjectSection
EndProject
Global
	GlobalSection(SolutionConfigurationPlatforms) = preSolution
		Debug|x64 = Debug|x64
		Release|x64 = Release|x64
		MinSizeRel|x64 = MinSizeRel|x64
		RelWithDebInfo|x64 = RelWithDebInfo|x64
	EndGlobalSection
	GlobalSection(ProjectConfigurationPlatforms) = postSolution
		{9DA31D3F-C48C-37EE-8A6B-07EF0FF0AB36}.Debug|x64.ActiveCfg = Debug|x64
		{9DA31D3F-C48C-37EE-8A6B-07EF0FF0AB36}.Debug|x64.Build.0 = Debug|x64
		{9DA31D3F-C48C-37EE-8A6B-07EF0FF0AB36}.Release|x64.ActiveCfg = Release|x64
		{9DA31D3F-C48C-37EE-8A6B-07EF0FF0AB36}.Release|x64.Build.0 = Release|x64
		{9DA31D3F-C48C-37EE-8A6B-07EF0FF0AB36}.MinSizeRel|x64.ActiveCfg = MinSizeRel|x64
		{9DA31D3F-C48C-37EE-8A6B-07EF0FF0AB36}.MinSizeRel|x64.Build.0 = MinSizeRel|x64
		{9DA31D3F-C48C-37EE-8A6B-07EF0FF0AB36}.RelWithDebInfo|x64.ActiveCfg = RelWithDebInfo|x64
		{9DA31D3F-C48C-37EE-8A6B-07EF0FF0AB36}.RelWithDebInfo|x64.Build.0 = RelWithDebInfo|x64
		{BA084B1E-626A-3F3E-8534-D47C79A0B331}.Debug|x64.ActiveCfg = Debug|x64
		{BA084B1E-626A-3F3E-8534-D47C79A0B331}.Release|x64.ActiveCfg = Release|x64
		{BA084B1E-626A-3F3E-8534-D47C79A0B331}.MinSizeRel|x64.ActiveCfg = MinSizeRel|x64
		{BA084B1E-626A-3F3E-8534-D47C79A0B331}.RelWithDebInfo|x64.ActiveCfg = RelWithDebInfo|x64
		{D3923F0F-DD36-3DAA-BB2E-E5730F947E86}.Debug|x64.ActiveCfg = Debug|x64
		{D3923F0F-DD36-3DAA-BB2E-E5730F947E86}.Debug|x64.Build.0 = Debug|x64
		{D3923F0F-DD36-3DAA-BB2E-E5730F947E86}.Release|x64.ActiveCfg = Release|x64
		{D3923F0F-DD36-3DAA-BB2E-E5730F947E86}.Release|x64.Build.0 = Release|x64
		{D3923F0F-DD36-3DAA-BB2E-E5730F947E86}.MinSizeRel|x64.ActiveCfg = MinSizeRel|x64
		{D3923F0F-DD36-3DAA-BB2E-E5730F947E86}.MinSizeRel|x64.Build.0 = MinSizeRel|x64
		{D3923F0F-DD36-3DAA-BB2E-E5730F947E86}.RelWithDebInfo|x64.ActiveCfg = RelWithDebInfo|x64
		{D3923F0F-DD36-3DAA-BB2E-E5730F947E86}.RelWithDebInfo|x64.Build.0 = RelWithDebInfo|x64
		{10B32B89-B559-30F4-8C73-82724B5726D9}.Debug|x64.ActiveCfg = Debug|x64
		{10B32B89-B559-30F4-8C73-82724B5726D9}.Debug|x64.Build.0 = Debug|x64
		{10B32B89-B559-30F4-8C73-82724B5726D9}.Release|x64.ActiveCfg = Release|x64
		{10B32B89-B559-30F4-8C73-82724B5726D9}.Release|x64.Build.0 = Release|x64
		{10B32B89-B559-30F4-8C73-82724B5726D9}.MinSizeRel|x64.ActiveCfg = MinSizeRel|x64
		{10B32B89-B559-30F4-8C73-82724B5726D9}.MinSizeRel|x64.Build.0 = MinSizeRel|x64
		{10B32B89-B559-30F4-8C73-82724B5726D9}.RelWithDebInfo|x64.ActiveCfg = RelWithDebInfo|x64
		{10B32B89-B559-30F4-8C73-82724B5726D9}.RelWithDebInfo|x64.Build.0 = RelWithDebInfo|x64
		{3BD3E392-A846-379B-AEDA-F089B5DE2EEC}.Debug|x64.ActiveCfg = Debug|x64
		{3BD3E392-A846-379B-AEDA-F089B5DE2EEC}.Debug|x64.Build.0 = Debug|x64
		{3BD3E392-A846-379B-AEDA-F089B5DE2EEC}.Release|x64.ActiveCfg = Release|x64
		{3BD3E392-A846-379B-AEDA-F089B5DE2EEC}.Release|x64.Build.0 = Release|x64
		{3BD3E392-A846-379B-AEDA-F089B5DE2EEC}.MinSizeRel|x64.ActiveCfg = MinSizeRel|x64
		{3BD3E392-A846-379B-AEDA-F089B5DE2EEC}.MinSizeRel|x64.Build.0 = MinSizeRel|x64
		{3BD3E392-A846-379B-AEDA-F089B5DE2EEC}.RelWithDebInfo|x64.ActiveCfg = RelWithDebInfo|x64
		{3BD3E392-A846-379B-AEDA-F089B5DE2EEC}.RelWithDebInfo|x64.Build.0 = RelWithDebInfo|x64
		{792FD44F-189B-3BA0-A802-6D822407E90C}.Debug|x64.ActiveCfg = Debug|x64
		{792FD44F-189B-3BA0-A802-6D822407E90C}.Debug|x64.Build.0 = Debug|x64
		{792FD44F-189B-3BA0-A802-6D822407E90C}.Release|x64.ActiveCfg = Release|x64
		{792FD44F-189B-3BA0-A802-6D822407E90C}.Release|x64.Build.0 = Release|x64
		{792FD44F-189B-3BA0-A802-6D822407E90C}.MinSizeRel|x64.ActiveCfg = MinSizeRel|x64
		{792FD44F-189B-3BA0-A802-6D822407E90C}.MinSizeRel|x64.Build.0 = MinSizeRel|x64
		{792FD44F-189B-3BA0-A802-6D822407E90C}.RelWithDebInfo|x64.ActiveCfg = RelWithDebInfo|x64
		{792FD44F-189B-3BA0-A802-6D822407E90C}.RelWithDebInfo|x64.Build.0 = RelWithDebInfo|x64
		{0DF64642-6604-30B0-9FFA-1BB593BA2CB1}.Debug|x64.ActiveCfg = Debug|x64
		{0DF64642-6604-30B0-9FFA-1BB593BA2CB1}.Debug|x64.Build.0 = Debug|x64
		{0DF64642-6604-30B0-9FFA-1BB593BA2CB1}.Release|x64.ActiveCfg = Release|x64
		{0DF64642-6604-30B0-9FFA-1BB593BA2CB1}.Release|x64.Build.0 = Release|x64
		{0DF64642-6604-30B0-9FFA-1BB593BA2CB1}.MinSizeRel|x64.ActiveCfg = MinSizeRel|x64
		{0DF64642-6604-30B0-9FFA-1BB593BA2CB1}.MinSizeRel|x64.Build.0 = MinSizeRel|x64
		{0DF64642-6604-30B0-9FFA-1BB593BA2CB1}.RelWithDebInfo|x64.ActiveCfg = RelWithDebInfo|x64
		{0DF64642-6604-30B0-9FFA-1BB593BA2CB1}.RelWithDebInfo|x64.Build.0 = RelWithDebInfo|x64
	EndGlobalSection
	GlobalSection(ExtensibilityGlobals) = postSolution
		SolutionGuid = {1AF98695-79DF-38FF-A8EF-3116474FC4F9}
	EndGlobalSection
	GlobalSection(ExtensibilityAddIns) = postSolution
	EndGlobalSection
EndGlobal
