<?xml version="1.0" encoding="utf-8"?>
<Project ToolsVersion="17.0" xmlns="http://schemas.microsoft.com/developer/msbuild/2003">
  <ItemGroup>
    <ClCompile Include="../..\programs\prog_util.c">
      <Filter>Source Files</Filter>
    </ClCompile>
    <ClCompile Include="../..\programs\tgetopt.c">
      <Filter>Source Files</Filter>
    </ClCompile>
  </ItemGroup>
  <ItemGroup>
    <ClInclude Include="../..\common_defs.h">
      <Filter>Header Files</Filter>
    </ClInclude>
  </ItemGroup>
  <ItemGroup>
    <Filter Include="Header Files">
      <UniqueIdentifier>{CA70067B-B86E-382E-951E-5367613338B2}</UniqueIdentifier>
    </Filter>
    <Filter Include="Source Files">
      <UniqueIdentifier>{180969D7-63DD-3D80-B055-CE2D76BAF32B}</UniqueIdentifier>
    </Filter>
  </ItemGroup>
</Project>
